[ "ex_doc": {:git, "git://github.com/elixir-lang/ex_doc.git", "81c74209a90ec5635c258e20e8767fb469262e8c", []},
  "hackney": {:git, "git://github.com/benoitc/hackney.git", "f6f9ec8fbdb33fcbcc997f5fbc1f1e885a1f83ad", []},
  "jsex": {:git, "git://github.com/talentdeficit/jsex.git", "c9df36f07b2089a73ab6b32074c01728f1e5a2e1", []},
  "jsx": {:git, "git://github.com/talentdeficit/jsx.git", "e50af6e109cb03bd26acf715cbc77de746507d1d", [{:tag, "v1.4.3"}]},
  "meck": {:git, "git://github.com/eproxus/meck.git", "2447206f201bab1054c49cd32621eee23fa0ee3b", [{:tag, "0.7.2"}]},
  "mimetypes": {:git, "https://github.com/spawngrid/mimetypes.git", "47d37a977a7d633199822bf6b08353007483d00f", [{:ref, "master"}]},
  "rebar_vsn_plugin": {:git, "https://github.com/erlware/rebar_vsn_plugin.git", "07978662cf362368c75e0a03b94ff5b3cb3fa0e7", [{:branch, "master"}]},
  "uri": {:git, "git://github.com/erlware/uri.git", "e3d8ea839cd1970ae57e13d8b14b2e6c8cc7c5cd", []} ]
